
Microsoft Visual Studio Solution File, Format Version 12.00
# Visual Studio 15
VisualStudioVersion = 15.0.28307.1231
MinimumVisualStudioVersion = 10.0.40219.1
Project("{FAE04EC0-301F-11D3-BF4B-00C04F79EFBC}") = "WebApplication7", "WebApplication7\WebApplication7.csproj", "{9707C5FE-E32B-44C3-9697-933239037B7A}"
EndProject
Global
	GlobalSection(SolutionConfigurationPlatforms) = preSolution
		Debug|Any CPU = Debug|Any CPU
		Release|Any CPU = Release|Any CPU
	EndGlobalSection
	GlobalSection(ProjectConfigurationPlatforms) = postSolution
		{9707C5FE-E32B-44C3-9697-933239037B7A}.Debug|Any CPU.ActiveCfg = Debug|Any CPU
		{9707C5FE-E32B-44C3-9697-933239037B7A}.Debug|Any CPU.Build.0 = Debug|Any CPU
		{9707C5FE-E32B-44C3-9697-933239037B7A}.Release|Any CPU.ActiveCfg = Release|Any CPU
		{9707C5FE-E32B-44C3-9697-933239037B7A}.Release|Any CPU.Build.0 = Release|Any CPU
	EndGlobalSection
	GlobalSection(SolutionProperties) = preSolution
		HideSolutionNode = FALSE
	EndGlobalSection
	GlobalSection(ExtensibilityGlobals) = postSolution
		SolutionGuid = {9EBBA0D4-2F8A-43E9-ACBC-9727A687A2B2}
	EndGlobalSection
EndGlobal
